<Solution>
  <Project Path="Exercicio1/Exercicio1.csproj" />
  <Project Path="Exercicio2/Exercicio2.csproj" />
  <Project Path="Exercicio3/Exercicio3.csproj" Id="950c7209-4d76-463e-9b06-b5d8c72d1975" />
  <Project Path="Exercicio4/Exercicio4.csproj" Id="66623c8e-4764-466b-93be-caf9edf0cf1c" />
  <Project Path="Exercicio5/Exercicio5.csproj" Id="1d4e39cc-3cec-4175-a2bf-763e6f75cb55" />
</Solution>
