<Solution>
  <Project Path="Exercicio1/Exercicio1.csproj" />
  <Project Path="Exercicio2/Exercicio2.csproj" />
  <Project Path="Exercicio3/Exercicio3.csproj" Id="950c7209-4d76-463e-9b06-b5d8c72d1975" />
  <Project Path="Exercicio4/Exercicio4.csproj" Id="66623c8e-4764-466b-93be-caf9edf0cf1c" />
  <Project Path="Exercicio5/Exercicio5.csproj" Id="1d4e39cc-3cec-4175-a2bf-763e6f75cb55" />
  <Project Path="Exercicio6/Exercicio6.csproj" Id="455e5025-5849-40c9-a556-bd53d16ce741" />
  <Project Path="Exercicio7/Exercicio7.csproj" Id="f1005fd0-87ad-49df-b363-a2980d2026bf" />
</Solution>
